# OpenVINO 2026.2.1 recursive source lock
# root https://github.com/openvinotoolkit/openvino.git ede283a88e35465f0d680dabbf1f44080f8fc387
cmake/developer_package/ncc_naming_style/ncc 63e59ed312ba7a946779596e86124c1633f67607 https://github.com/nithinn/ncc.git
src/bindings/python/thirdparty/pybind11 45fab4087eaaff234227a10cf7845e8b07f28a98 https://github.com/pybind/pybind11.git
src/plugins/intel_cpu/thirdparty/ComputeLibrary c245aa08b328fe7ef1d356f40b89ebc587524dae https://github.com/ARM-software/ComputeLibrary.git
src/plugins/intel_cpu/thirdparty/kleidiai 7d82645ca2f3c3d58a5c0b1a96905e53916c8ff8 https://github.com/ARM-software/kleidiai.git
src/plugins/intel_cpu/thirdparty/libxsmm 13df674c4b73a1b84f6456de8595903ebfbb43e0 https://github.com/libxsmm/libxsmm.git
src/plugins/intel_cpu/thirdparty/mlas d1bc25ec4660cddd87804fcf03b2411b5dfb2e94 https://github.com/openvinotoolkit/mlas.git
src/plugins/intel_cpu/thirdparty/onednn 87f65fdd1927b1d0cbdf0ea37728146abfbffb52 https://github.com/openvinotoolkit/oneDNN.git
src/plugins/intel_cpu/thirdparty/xbyak_riscv 07139a6df3942e4afa447c0885c50f3dacfab2f3 https://github.com/herumi/xbyak_riscv.git
src/plugins/intel_gpu/thirdparty/onednn_gpu 20db47e2d3c4df1b66e93bed2e97d30da175512d https://github.com/oneapi-src/oneDNN.git
src/plugins/intel_npu/thirdparty/level-zero-ext f9ad3bf89c2418d714aef2e6b96a5aafb12a1971 https://github.com/intel/level-zero-npu-extensions.git
src/plugins/intel_npu/thirdparty/yaml-cpp da82fd982c260e7f335ce5acbceff24b270544d1 https://github.com/jbeder/yaml-cpp.git
thirdparty/flatbuffers/flatbuffers 595bf0007ab1929570c7671f091313c8fc20644e https://github.com/google/flatbuffers.git
thirdparty/gflags/gflags e171aa2d15ed9eb17054558e0b3a6a413bb01067 https://github.com/gflags/gflags.git
thirdparty/gflags/gflags/doc 8411df715cf522606e3b1aca386ddfc0b63d34b4 https://github.com/gflags/gflags.git
thirdparty/gtest/gtest 03e2ed1291b40062be24df240f597d995aaaa962 https://github.com/openvinotoolkit/googletest.git
thirdparty/ittapi/ittapi ca45fef1a12cef3316e6ff362a4d36571270e392 https://github.com/intel/ittapi.git
thirdparty/json/nlohmann_json 9cca280a4d0ccf0c08f47a99aa71d1b0e52f8d03 https://github.com/nlohmann/json.git
thirdparty/level_zero/level-zero d562046e7266120e8be3533597b65f34a00524c1 https://github.com/oneapi-src/level-zero.git
thirdparty/ocl/cl_headers 4ea6df132107e3b4b9407f903204b5522fdffcd6 https://github.com/KhronosGroup/OpenCL-Headers.git
thirdparty/ocl/clhpp_headers c7b4aded1cab9560b226041dd962f63375a9a384 https://github.com/KhronosGroup/OpenCL-CLHPP.git
thirdparty/ocl/clhpp_headers/external/CMock 379a9a8d5dd5cdff8fd345710dd70ae26f966c71 https://github.com/ThrowTheSwitch/CMock
thirdparty/ocl/clhpp_headers/external/CMock/vendor/c_exception 71b47be7c950f1bf5f7e5303779fa99a16224bb6 https://github.com/throwtheswitch/cexception.git
thirdparty/ocl/clhpp_headers/external/CMock/vendor/unity 4389bab82ee8a4b4631a03be2e07dd5c67dab2d4 https://github.com/throwtheswitch/unity.git
thirdparty/ocl/icd_loader 5907ac1114079de4383cecddf1c8640e3f52f92b https://github.com/KhronosGroup/OpenCL-ICD-Loader.git
thirdparty/onnx/onnx e709452ef2bbc1d113faf678c24e6d3467696e83 https://github.com/onnx/onnx.git
thirdparty/onnx/onnx/third_party/pybind11 a2e59f0e7065404b44dfe92a28aca47ba1378dc4 https://github.com/pybind/pybind11.git
thirdparty/protobuf/protobuf f0dc78d7e6e331b8c6bb2d5283e06aa26883ca7c https://github.com/protocolbuffers/protobuf.git
thirdparty/protobuf/protobuf/third_party/benchmark 5b7683f49e1e9223cf9927b24f6fd3d6bd82e3f8 https://github.com/google/benchmark.git
thirdparty/protobuf/protobuf/third_party/googletest 5ec7f0c4a113e2f18ac2c6cc7df51ad6afc24081 https://github.com/google/googletest.git
thirdparty/pugixml ee86beb30e4973f5feffe3ce63bfa4fbadf72f38 https://github.com/zeux/pugixml.git
thirdparty/snappy 2c94e11145f0b7b184b831577c93e5a41c4c0346 https://github.com/google/snappy.git
thirdparty/snappy/third_party/benchmark d572f4777349d43653b21d6c2fc63020ab326db2 https://github.com/google/benchmark.git
thirdparty/snappy/third_party/googletest b796f7d44681514f58a683a3a71ff17c94edb0c1 https://github.com/google/googletest.git
thirdparty/telemetry 8abddc3dbc8beb04a39b5ea40cbba5020317102f https://github.com/openvinotoolkit/telemetry.git
thirdparty/xbyak 0d67fd1530016b7c56f3cd74b3fca920f4c3e2b4 https://github.com/herumi/xbyak.git
thirdparty/zlib/zlib 51b7f2abdade71cd9bb0e7a373ef2610ec6f9daf https://github.com/madler/zlib.git
